
Microsoft Visual Studio Solution File, Format Version 12.00
# Visual Studio Version 17
VisualStudioVersion = 17.9.34728.123
MinimumVisualStudioVersion = 10.0.40219.1
Project("{9A19103F-16F7-4668-BE54-9A1E7A4F7556}") = "Singleton", "Singleton\Singleton.csproj", "{84748C55-C5FE-49C5-B019-2D151F134FE6}"
EndProject
Project("{9A19103F-16F7-4668-BE54-9A1E7A4F7556}") = "Facade", "Facade\Facade.csproj", "{9D6F81BB-AB0C-472C-B359-59816B24EF33}"
EndProject
Project("{FAE04EC0-301F-11D3-BF4B-00C04F79EFBC}") = "CommandPattern", "CommandPattern\CommandPattern.csproj", "{179596BC-D3B2-4527-A156-4507C4AE9B07}"
EndProject
Global
	GlobalSection(SolutionConfigurationPlatforms) = preSolution
		Debug|Any CPU = Debug|Any CPU
		Release|Any CPU = Release|Any CPU
	EndGlobalSection
	GlobalSection(ProjectConfigurationPlatforms) = postSolution
		{84748C55-C5FE-49C5-B019-2D151F134FE6}.Debug|Any CPU.ActiveCfg = Debug|Any CPU
		{84748C55-C5FE-49C5-B019-2D151F134FE6}.Debug|Any CPU.Build.0 = Debug|Any CPU
		{84748C55-C5FE-49C5-B019-2D151F134FE6}.Release|Any CPU.ActiveCfg = Release|Any CPU
		{84748C55-C5FE-49C5-B019-2D151F134FE6}.Release|Any CPU.Build.0 = Release|Any CPU
		{9D6F81BB-AB0C-472C-B359-59816B24EF33}.Debug|Any CPU.ActiveCfg = Debug|Any CPU
		{9D6F81BB-AB0C-472C-B359-59816B24EF33}.Debug|Any CPU.Build.0 = Debug|Any CPU
		{9D6F81BB-AB0C-472C-B359-59816B24EF33}.Release|Any CPU.ActiveCfg = Release|Any CPU
		{9D6F81BB-AB0C-472C-B359-59816B24EF33}.Release|Any CPU.Build.0 = Release|Any CPU
		{179596BC-D3B2-4527-A156-4507C4AE9B07}.Debug|Any CPU.ActiveCfg = Debug|Any CPU
		{179596BC-D3B2-4527-A156-4507C4AE9B07}.Debug|Any CPU.Build.0 = Debug|Any CPU
		{179596BC-D3B2-4527-A156-4507C4AE9B07}.Release|Any CPU.ActiveCfg = Release|Any CPU
		{179596BC-D3B2-4527-A156-4507C4AE9B07}.Release|Any CPU.Build.0 = Release|Any CPU
	EndGlobalSection
	GlobalSection(SolutionProperties) = preSolution
		HideSolutionNode = FALSE
	EndGlobalSection
	GlobalSection(ExtensibilityGlobals) = postSolution
		SolutionGuid = {5E7B62BC-661F-40E0-A23B-CFA4AC8A9DE4}
	EndGlobalSection
EndGlobal
