
Microsoft Visual Studio Solution File, Format Version 12.00
# Visual Studio Version 17
VisualStudioVersion = 17.8.34408.163
MinimumVisualStudioVersion = 10.0.40219.1
Project("{FAE04EC0-301F-11D3-BF4B-00C04F79EFBC}") = "Shapes", "Shapes\Shapes.csproj", "{38AB2DA4-BD38-49F8-BE8C-B1356C54C0D4}"
EndProject
Project("{FAE04EC0-301F-11D3-BF4B-00C04F79EFBC}") = "Cars", "Cars\Cars.csproj", "{9BE6D857-36E8-4967-869C-306F79BEA755}"
EndProject
Global
	GlobalSection(SolutionConfigurationPlatforms) = preSolution
		Debug|Any CPU = Debug|Any CPU
		Release|Any CPU = Release|Any CPU
	EndGlobalSection
	GlobalSection(ProjectConfigurationPlatforms) = postSolution
		{38AB2DA4-BD38-49F8-BE8C-B1356C54C0D4}.Debug|Any CPU.ActiveCfg = Debug|Any CPU
		{38AB2DA4-BD38-49F8-BE8C-B1356C54C0D4}.Debug|Any CPU.Build.0 = Debug|Any CPU
		{38AB2DA4-BD38-49F8-BE8C-B1356C54C0D4}.Release|Any CPU.ActiveCfg = Release|Any CPU
		{38AB2DA4-BD38-49F8-BE8C-B1356C54C0D4}.Release|Any CPU.Build.0 = Release|Any CPU
		{9BE6D857-36E8-4967-869C-306F79BEA755}.Debug|Any CPU.ActiveCfg = Debug|Any CPU
		{9BE6D857-36E8-4967-869C-306F79BEA755}.Debug|Any CPU.Build.0 = Debug|Any CPU
		{9BE6D857-36E8-4967-869C-306F79BEA755}.Release|Any CPU.ActiveCfg = Release|Any CPU
		{9BE6D857-36E8-4967-869C-306F79BEA755}.Release|Any CPU.Build.0 = Release|Any CPU
	EndGlobalSection
	GlobalSection(SolutionProperties) = preSolution
		HideSolutionNode = FALSE
	EndGlobalSection
	GlobalSection(ExtensibilityGlobals) = postSolution
		SolutionGuid = {47B30347-BAEC-4C26-92DD-7CC904653820}
	EndGlobalSection
EndGlobal
