
Microsoft Visual Studio Solution File, Format Version 12.00
# Visual Studio Version 17
VisualStudioVersion = 17.8.34408.163
MinimumVisualStudioVersion = 10.0.40219.1
Project("{FAE04EC0-301F-11D3-BF4B-00C04F79EFBC}") = "SingleInheritance", "Farm\SingleInheritance.csproj", "{2C8140C7-73F8-4DA7-B6DB-2983FF05EF15}"
EndProject
Project("{FAE04EC0-301F-11D3-BF4B-00C04F79EFBC}") = "MultipleInheritance", "MultipleInheritance\MultipleInheritance.csproj", "{F99A1F8A-9216-45E9-BA49-FAFA03CD55DE}"
EndProject
Project("{FAE04EC0-301F-11D3-BF4B-00C04F79EFBC}") = "HierarchicalInheritance", "HierarchicalInheritance\HierarchicalInheritance.csproj", "{DAFF9E92-1246-4EA7-BBC3-CD43E63FE38E}"
EndProject
Project("{FAE04EC0-301F-11D3-BF4B-00C04F79EFBC}") = "RandomList", "RandomList\RandomList.csproj", "{B75AA212-AD95-486E-AA84-757133633BF6}"
EndProject
Project("{FAE04EC0-301F-11D3-BF4B-00C04F79EFBC}") = "StackOfStrings", "StackOfStrings\StackOfStrings.csproj", "{223EE399-5885-434D-9281-962BF694BD81}"
EndProject
Global
	GlobalSection(SolutionConfigurationPlatforms) = preSolution
		Debug|Any CPU = Debug|Any CPU
		Release|Any CPU = Release|Any CPU
	EndGlobalSection
	GlobalSection(ProjectConfigurationPlatforms) = postSolution
		{2C8140C7-73F8-4DA7-B6DB-2983FF05EF15}.Debug|Any CPU.ActiveCfg = Debug|Any CPU
		{2C8140C7-73F8-4DA7-B6DB-2983FF05EF15}.Debug|Any CPU.Build.0 = Debug|Any CPU
		{2C8140C7-73F8-4DA7-B6DB-2983FF05EF15}.Release|Any CPU.ActiveCfg = Release|Any CPU
		{2C8140C7-73F8-4DA7-B6DB-2983FF05EF15}.Release|Any CPU.Build.0 = Release|Any CPU
		{F99A1F8A-9216-45E9-BA49-FAFA03CD55DE}.Debug|Any CPU.ActiveCfg = Debug|Any CPU
		{F99A1F8A-9216-45E9-BA49-FAFA03CD55DE}.Debug|Any CPU.Build.0 = Debug|Any CPU
		{F99A1F8A-9216-45E9-BA49-FAFA03CD55DE}.Release|Any CPU.ActiveCfg = Release|Any CPU
		{F99A1F8A-9216-45E9-BA49-FAFA03CD55DE}.Release|Any CPU.Build.0 = Release|Any CPU
		{DAFF9E92-1246-4EA7-BBC3-CD43E63FE38E}.Debug|Any CPU.ActiveCfg = Debug|Any CPU
		{DAFF9E92-1246-4EA7-BBC3-CD43E63FE38E}.Debug|Any CPU.Build.0 = Debug|Any CPU
		{DAFF9E92-1246-4EA7-BBC3-CD43E63FE38E}.Release|Any CPU.ActiveCfg = Release|Any CPU
		{DAFF9E92-1246-4EA7-BBC3-CD43E63FE38E}.Release|Any CPU.Build.0 = Release|Any CPU
		{B75AA212-AD95-486E-AA84-757133633BF6}.Debug|Any CPU.ActiveCfg = Debug|Any CPU
		{B75AA212-AD95-486E-AA84-757133633BF6}.Debug|Any CPU.Build.0 = Debug|Any CPU
		{B75AA212-AD95-486E-AA84-757133633BF6}.Release|Any CPU.ActiveCfg = Release|Any CPU
		{B75AA212-AD95-486E-AA84-757133633BF6}.Release|Any CPU.Build.0 = Release|Any CPU
		{223EE399-5885-434D-9281-962BF694BD81}.Debug|Any CPU.ActiveCfg = Debug|Any CPU
		{223EE399-5885-434D-9281-962BF694BD81}.Debug|Any CPU.Build.0 = Debug|Any CPU
		{223EE399-5885-434D-9281-962BF694BD81}.Release|Any CPU.ActiveCfg = Release|Any CPU
		{223EE399-5885-434D-9281-962BF694BD81}.Release|Any CPU.Build.0 = Release|Any CPU
	EndGlobalSection
	GlobalSection(SolutionProperties) = preSolution
		HideSolutionNode = FALSE
	EndGlobalSection
	GlobalSection(ExtensibilityGlobals) = postSolution
		SolutionGuid = {C053572F-AE8F-4CF2-A4DE-C9C994678E76}
	EndGlobalSection
EndGlobal
